github.com/alfilail/source-module v1.0.0 h1:JR+Qz1DZvYeY/AdJ0Cea0KNxkqul3LjaPK7wHcWnc0M=
github.com/alfilail/source-module v1.0.0/go.mod h1:bQDiIyRd7E8X7Yl9rcwYNSEarQeW01RbiWd4sgNu5so=
github.com/alfilail/source-module v1.0.1 h1:DkCrAuA22Jkp0e8ab8qaDAlsn4K0H58CySVajh7T4SA=
github.com/alfilail/source-module v1.0.1/go.mod h1:bQDiIyRd7E8X7Yl9rcwYNSEarQeW01RbiWd4sgNu5so=
github.com/alfilail/source-module/v2 v2.0.0 h1:Rbd6J6XZ2KhlD817ChsZB4kMbQWrVKjhNUzpm7qrDvo=
github.com/alfilail/source-module/v2 v2.0.0/go.mod h1:4oXciH16DVSynDkmPXBduobU3LDn8mnufvrSBF1GDNA=
